// !$*UTF8*$!
{
	archiveVersion = 1;
	classes = {
	};
	objectVersion = 56;
	objects = {

/* Begin PBXBuildFile section */
		27A2FAFC670E469F8F4F2778 /* Pods_DrinkShop.framework in Frameworks */ = {isa = PBXBuildFile; fileRef = 85D6408CD9BE90E81E0649B7 /* Pods_DrinkShop.framework */; };
		39E01386FF08DA164A56A967 /* Pods_DrinkShop_DrinkShopUITests.framework in Frameworks */ = {isa = PBXBuildFile; fileRef = 7C73A28FAD99BE600B41BD4B /* Pods_DrinkShop_DrinkShopUITests.framework */; };
		66B459C9F086AD4DFF7FC24B /* Pods_DrinkShopTests.framework in Frameworks */ = {isa = PBXBuildFile; fileRef = 3972745FDFD95CBAA43EFBD7 /* Pods_DrinkShopTests.framework */; };
		DB394F7B2A165D61008FF969 /* AppDelegate.swift in Sources */ = {isa = PBXBuildFile; fileRef = DB394F7A2A165D61008FF969 /* AppDelegate.swift */; };
		DB394F7D2A165D61008FF969 /* SceneDelegate.swift in Sources */ = {isa = PBXBuildFile; fileRef = DB394F7C2A165D61008FF969 /* SceneDelegate.swift */; };
		DB394F7F2A165D61008FF969 /* LoginViewController.swift in Sources */ = {isa = PBXBuildFile; fileRef = DB394F7E2A165D61008FF969 /* LoginViewController.swift */; };
		DB394F822A165D61008FF969 /* Main.storyboard in Resources */ = {isa = PBXBuildFile; fileRef = DB394F802A165D61008FF969 /* Main.storyboard */; };
		DB394F842A165D62008FF969 /* Assets.xcassets in Resources */ = {isa = PBXBuildFile; fileRef = DB394F832A165D62008FF969 /* Assets.xcassets */; };
		DB394F872A165D62008FF969 /* LaunchScreen.storyboard in Resources */ = {isa = PBXBuildFile; fileRef = DB394F852A165D62008FF969 /* LaunchScreen.storyboard */; };
		DB394F922A165D63008FF969 /* DrinkShopTests.swift in Sources */ = {isa = PBXBuildFile; fileRef = DB394F912A165D63008FF969 /* DrinkShopTests.swift */; };
		DB394F9C2A165D63008FF969 /* DrinkShopUITests.swift in Sources */ = {isa = PBXBuildFile; fileRef = DB394F9B2A165D63008FF969 /* DrinkShopUITests.swift */; };
		DB394F9E2A165D63008FF969 /* DrinkShopUITestsLaunchTests.swift in Sources */ = {isa = PBXBuildFile; fileRef = DB394F9D2A165D63008FF969 /* DrinkShopUITestsLaunchTests.swift */; };
		DB66DC342A28E5D50042F6F7 /* Beer.swift in Sources */ = {isa = PBXBuildFile; fileRef = DB66DC332A28E5D50042F6F7 /* Beer.swift */; };
		DB97E5B92A264F640087F71C /* WineViewController.swift in Sources */ = {isa = PBXBuildFile; fileRef = DB97E5B82A264F640087F71C /* WineViewController.swift */; };
		DBAAD9D02A1D124300C19DBD /* LogInComponent.swift in Sources */ = {isa = PBXBuildFile; fileRef = DBAAD9CF2A1D124300C19DBD /* LogInComponent.swift */; };
		DBAAD9D22A1D126900C19DBD /* LogInComponent.xib in Resources */ = {isa = PBXBuildFile; fileRef = DBAAD9D12A1D126900C19DBD /* LogInComponent.xib */; };
		DBC4B4AE2A2616BC004AEBD3 /* BeerViewController.swift in Sources */ = {isa = PBXBuildFile; fileRef = DBC4B4AD2A2616BC004AEBD3 /* BeerViewController.swift */; };
		DBC7D67C2A2E4FC100A064D5 /* TabBarWithCorners.swift in Sources */ = {isa = PBXBuildFile; fileRef = DBC7D67B2A2E4FC100A064D5 /* TabBarWithCorners.swift */; };
		DBCB99D12A2EA99E006FBACC /* Cart.swift in Sources */ = {isa = PBXBuildFile; fileRef = DBCB99D02A2EA99E006FBACC /* Cart.swift */; };
		DBD75E162A2F546400A70E13 /* TabbarController.swift in Sources */ = {isa = PBXBuildFile; fileRef = DBD75E152A2F546400A70E13 /* TabbarController.swift */; };
		DBD75E192A2FA14900A70E13 /* CartViewController.swift in Sources */ = {isa = PBXBuildFile; fileRef = DBD75E182A2FA14900A70E13 /* CartViewController.swift */; };
		DBDB10DF2A2A5B6A002C9E8A /* TableViewCell.swift in Sources */ = {isa = PBXBuildFile; fileRef = DBDB10DE2A2A5B6A002C9E8A /* TableViewCell.swift */; };
/* End PBXBuildFile section */

/* Begin PBXContainerItemProxy section */
		DB394F8E2A165D63008FF969 /* PBXContainerItemProxy */ = {
			isa = PBXContainerItemProxy;
			containerPortal = DB394F6F2A165D61008FF969 /* Project object */;
			proxyType = 1;
			remoteGlobalIDString = DB394F762A165D61008FF969;
			remoteInfo = DrinkShop;
		};
		DB394F982A165D63008FF969 /* PBXContainerItemProxy */ = {
			isa = PBXContainerItemProxy;
			containerPortal = DB394F6F2A165D61008FF969 /* Project object */;
			proxyType = 1;
			remoteGlobalIDString = DB394F762A165D61008FF969;
			remoteInfo = DrinkShop;
		};
/* End PBXContainerItemProxy section */

/* Begin PBXFileReference section */
		2E01CC694267FB43D11C1945 /* Pods-DrinkShop-DrinkShopUITests.release.xcconfig */ = {isa = PBXFileReference; includeInIndex = 1; lastKnownFileType = text.xcconfig; name = "Pods-DrinkShop-DrinkShopUITests.release.xcconfig"; path = "Target Support Files/Pods-DrinkShop-DrinkShopUITests/Pods-DrinkShop-DrinkShopUITests.release.xcconfig"; sourceTree = "<group>"; };
		3972745FDFD95CBAA43EFBD7 /* Pods_DrinkShopTests.framework */ = {isa = PBXFileReference; explicitFileType = wrapper.framework; includeInIndex = 0; path = Pods_DrinkShopTests.framework; sourceTree = BUILT_PRODUCTS_DIR; };
		7C73A28FAD99BE600B41BD4B /* Pods_DrinkShop_DrinkShopUITests.framework */ = {isa = PBXFileReference; explicitFileType = wrapper.framework; includeInIndex = 0; path = Pods_DrinkShop_DrinkShopUITests.framework; sourceTree = BUILT_PRODUCTS_DIR; };
		85D6408CD9BE90E81E0649B7 /* Pods_DrinkShop.framework */ = {isa = PBXFileReference; explicitFileType = wrapper.framework; includeInIndex = 0; path = Pods_DrinkShop.framework; sourceTree = BUILT_PRODUCTS_DIR; };
		8C5E68DF216980F0D117C673 /* Pods-DrinkShop.debug.xcconfig */ = {isa = PBXFileReference; includeInIndex = 1; lastKnownFileType = text.xcconfig; name = "Pods-DrinkShop.debug.xcconfig"; path = "Target Support Files/Pods-DrinkShop/Pods-DrinkShop.debug.xcconfig"; sourceTree = "<group>"; };
		91558BCAFD4616357CB256A9 /* Pods-DrinkShop-DrinkShopUITests.debug.xcconfig */ = {isa = PBXFileReference; includeInIndex = 1; lastKnownFileType = text.xcconfig; name = "Pods-DrinkShop-DrinkShopUITests.debug.xcconfig"; path = "Target Support Files/Pods-DrinkShop-DrinkShopUITests/Pods-DrinkShop-DrinkShopUITests.debug.xcconfig"; sourceTree = "<group>"; };
		96CE01B8E6699F2ADDB607B5 /* Pods-DrinkShop.release.xcconfig */ = {isa = PBXFileReference; includeInIndex = 1; lastKnownFileType = text.xcconfig; name = "Pods-DrinkShop.release.xcconfig"; path = "Target Support Files/Pods-DrinkShop/Pods-DrinkShop.release.xcconfig"; sourceTree = "<group>"; };
		C697C8E4A2DBBA5EC5441D4A /* Pods-DrinkShopTests.debug.xcconfig */ = {isa = PBXFileReference; includeInIndex = 1; lastKnownFileType = text.xcconfig; name = "Pods-DrinkShopTests.debug.xcconfig"; path = "Target Support Files/Pods-DrinkShopTests/Pods-DrinkShopTests.debug.xcconfig"; sourceTree = "<group>"; };
		DB394F772A165D61008FF969 /* DrinkShop.app */ = {isa = PBXFileReference; explicitFileType = wrapper.application; includeInIndex = 0; path = DrinkShop.app; sourceTree = BUILT_PRODUCTS_DIR; };
		DB394F7A2A165D61008FF969 /* AppDelegate.swift */ = {isa = PBXFileReference; lastKnownFileType = sourcecode.swift; path = AppDelegate.swift; sourceTree = "<group>"; };
		DB394F7C2A165D61008FF969 /* SceneDelegate.swift */ = {isa = PBXFileReference; lastKnownFileType = sourcecode.swift; path = SceneDelegate.swift; sourceTree = "<group>"; };
		DB394F7E2A165D61008FF969 /* LoginViewController.swift */ = {isa = PBXFileReference; lastKnownFileType = sourcecode.swift; path = LoginViewController.swift; sourceTree = "<group>"; };
		DB394F812A165D61008FF969 /* Base */ = {isa = PBXFileReference; lastKnownFileType = file.storyboard; name = Base; path = Base.lproj/Main.storyboard; sourceTree = "<group>"; };
		DB394F832A165D62008FF969 /* Assets.xcassets */ = {isa = PBXFileReference; lastKnownFileType = folder.assetcatalog; path = Assets.xcassets; sourceTree = "<group>"; };
		DB394F862A165D62008FF969 /* Base */ = {isa = PBXFileReference; lastKnownFileType = file.storyboard; name = Base; path = Base.lproj/LaunchScreen.storyboard; sourceTree = "<group>"; };
		DB394F882A165D62008FF969 /* Info.plist */ = {isa = PBXFileReference; lastKnownFileType = text.plist.xml; path = Info.plist; sourceTree = "<group>"; };
		DB394F8D2A165D63008FF969 /* DrinkShopTests.xctest */ = {isa = PBXFileReference; explicitFileType = wrapper.cfbundle; includeInIndex = 0; path = DrinkShopTests.xctest; sourceTree = BUILT_PRODUCTS_DIR; };
		DB394F912A165D63008FF969 /* DrinkShopTests.swift */ = {isa = PBXFileReference; lastKnownFileType = sourcecode.swift; path = DrinkShopTests.swift; sourceTree = "<group>"; };
		DB394F972A165D63008FF969 /* DrinkShopUITests.xctest */ = {isa = PBXFileReference; explicitFileType = wrapper.cfbundle; includeInIndex = 0; path = DrinkShopUITests.xctest; sourceTree = BUILT_PRODUCTS_DIR; };
		DB394F9B2A165D63008FF969 /* DrinkShopUITests.swift */ = {isa = PBXFileReference; lastKnownFileType = sourcecode.swift; path = DrinkShopUITests.swift; sourceTree = "<group>"; };
		DB394F9D2A165D63008FF969 /* DrinkShopUITestsLaunchTests.swift */ = {isa = PBXFileReference; lastKnownFileType = sourcecode.swift; path = DrinkShopUITestsLaunchTests.swift; sourceTree = "<group>"; };
		DB66DC332A28E5D50042F6F7 /* Beer.swift */ = {isa = PBXFileReference; lastKnownFileType = sourcecode.swift; path = Beer.swift; sourceTree = "<group>"; };
		DB97E5B82A264F640087F71C /* WineViewController.swift */ = {isa = PBXFileReference; lastKnownFileType = sourcecode.swift; path = WineViewController.swift; sourceTree = "<group>"; };
		DBAAD9CF2A1D124300C19DBD /* LogInComponent.swift */ = {isa = PBXFileReference; lastKnownFileType = sourcecode.swift; path = LogInComponent.swift; sourceTree = "<group>"; };
		DBAAD9D12A1D126900C19DBD /* LogInComponent.xib */ = {isa = PBXFileReference; lastKnownFileType = file.xib; path = LogInComponent.xib; sourceTree = "<group>"; };
		DBC4B4AD2A2616BC004AEBD3 /* BeerViewController.swift */ = {isa = PBXFileReference; lastKnownFileType = sourcecode.swift; path = BeerViewController.swift; sourceTree = "<group>"; };
		DBC7D67B2A2E4FC100A064D5 /* TabBarWithCorners.swift */ = {isa = PBXFileReference; lastKnownFileType = sourcecode.swift; path = TabBarWithCorners.swift; sourceTree = "<group>"; };
		DBCB99D02A2EA99E006FBACC /* Cart.swift */ = {isa = PBXFileReference; lastKnownFileType = sourcecode.swift; path = Cart.swift; sourceTree = "<group>"; };
		DBD75E152A2F546400A70E13 /* TabbarController.swift */ = {isa = PBXFileReference; lastKnownFileType = sourcecode.swift; path = TabbarController.swift; sourceTree = "<group>"; };
		DBD75E182A2FA14900A70E13 /* CartViewController.swift */ = {isa = PBXFileReference; lastKnownFileType = sourcecode.swift; path = CartViewController.swift; sourceTree = "<group>"; };
		DBDB10DE2A2A5B6A002C9E8A /* TableViewCell.swift */ = {isa = PBXFileReference; lastKnownFileType = sourcecode.swift; path = TableViewCell.swift; sourceTree = "<group>"; };
		DBF082F22219C191D033EE5E /* Pods-DrinkShopTests.release.xcconfig */ = {isa = PBXFileReference; includeInIndex = 1; lastKnownFileType = text.xcconfig; name = "Pods-DrinkShopTests.release.xcconfig"; path = "Target Support Files/Pods-DrinkShopTests/Pods-DrinkShopTests.release.xcconfig"; sourceTree = "<group>"; };
/* End PBXFileReference section */

/* Begin PBXFrameworksBuildPhase section */
		DB394F742A165D61008FF969 /* Frameworks */ = {
			isa = PBXFrameworksBuildPhase;
			buildActionMask = 2147483647;
			files = (
				27A2FAFC670E469F8F4F2778 /* Pods_DrinkShop.framework in Frameworks */,
			);
			runOnlyForDeploymentPostprocessing = 0;
		};
		DB394F8A2A165D63008FF969 /* Frameworks */ = {
			isa = PBXFrameworksBuildPhase;
			buildActionMask = 2147483647;
			files = (
				66B459C9F086AD4DFF7FC24B /* Pods_DrinkShopTests.framework in Frameworks */,
			);
			runOnlyForDeploymentPostprocessing = 0;
		};
		DB394F942A165D63008FF969 /* Frameworks */ = {
			isa = PBXFrameworksBuildPhase;
			buildActionMask = 2147483647;
			files = (
				39E01386FF08DA164A56A967 /* Pods_DrinkShop_DrinkShopUITests.framework in Frameworks */,
			);
			runOnlyForDeploymentPostprocessing = 0;
		};
/* End PBXFrameworksBuildPhase section */

/* Begin PBXGroup section */
		6034FF41FBE6207CBEFEEAD9 /* Pods */ = {
			isa = PBXGroup;
			children = (
				8C5E68DF216980F0D117C673 /* Pods-DrinkShop.debug.xcconfig */,
				96CE01B8E6699F2ADDB607B5 /* Pods-DrinkShop.release.xcconfig */,
				91558BCAFD4616357CB256A9 /* Pods-DrinkShop-DrinkShopUITests.debug.xcconfig */,
				2E01CC694267FB43D11C1945 /* Pods-DrinkShop-DrinkShopUITests.release.xcconfig */,
				C697C8E4A2DBBA5EC5441D4A /* Pods-DrinkShopTests.debug.xcconfig */,
				DBF082F22219C191D033EE5E /* Pods-DrinkShopTests.release.xcconfig */,
			);
			path = Pods;
			sourceTree = "<group>";
		};
		C3F55824E95388E582023781 /* Frameworks */ = {
			isa = PBXGroup;
			children = (
				85D6408CD9BE90E81E0649B7 /* Pods_DrinkShop.framework */,
				7C73A28FAD99BE600B41BD4B /* Pods_DrinkShop_DrinkShopUITests.framework */,
				3972745FDFD95CBAA43EFBD7 /* Pods_DrinkShopTests.framework */,
			);
			name = Frameworks;
			sourceTree = "<group>";
		};
		DB394F6E2A165D61008FF969 = {
			isa = PBXGroup;
			children = (
				DB394F792A165D61008FF969 /* DrinkShop */,
				DB394F902A165D63008FF969 /* DrinkShopTests */,
				DB394F9A2A165D63008FF969 /* DrinkShopUITests */,
				DB394F782A165D61008FF969 /* Products */,
				6034FF41FBE6207CBEFEEAD9 /* Pods */,
				C3F55824E95388E582023781 /* Frameworks */,
			);
			sourceTree = "<group>";
		};
		DB394F782A165D61008FF969 /* Products */ = {
			isa = PBXGroup;
			children = (
				DB394F772A165D61008FF969 /* DrinkShop.app */,
				DB394F8D2A165D63008FF969 /* DrinkShopTests.xctest */,
				DB394F972A165D63008FF969 /* DrinkShopUITests.xctest */,
			);
			name = Products;
			sourceTree = "<group>";
		};
		DB394F792A165D61008FF969 /* DrinkShop */ = {
			isa = PBXGroup;
			children = (
				DBD75E172A2F8E0A00A70E13 /* ViewControllers */,
				DB66DC322A28E5A70042F6F7 /* Model */,
				DBAAD9CC2A1D0E0C00C19DBD /* CustomComponents */,
				DB394F7A2A165D61008FF969 /* AppDelegate.swift */,
				DB394F7C2A165D61008FF969 /* SceneDelegate.swift */,
				DB394F802A165D61008FF969 /* Main.storyboard */,
				DB394F832A165D62008FF969 /* Assets.xcassets */,
				DB394F852A165D62008FF969 /* LaunchScreen.storyboard */,
				DB394F882A165D62008FF969 /* Info.plist */,
				DBD75E152A2F546400A70E13 /* TabbarController.swift */,
			);
			path = DrinkShop;
			sourceTree = "<group>";
		};
		DB394F902A165D63008FF969 /* DrinkShopTests */ = {
			isa = PBXGroup;
			children = (
				DB394F912A165D63008FF969 /* DrinkShopTests.swift */,
			);
			path = DrinkShopTests;
			sourceTree = "<group>";
		};
		DB394F9A2A165D63008FF969 /* DrinkShopUITests */ = {
			isa = PBXGroup;
			children = (
				DB394F9B2A165D63008FF969 /* DrinkShopUITests.swift */,
				DB394F9D2A165D63008FF969 /* DrinkShopUITestsLaunchTests.swift */,
			);
			path = DrinkShopUITests;
			sourceTree = "<group>";
		};
		DB66DC322A28E5A70042F6F7 /* Model */ = {
			isa = PBXGroup;
			children = (
				DB66DC332A28E5D50042F6F7 /* Beer.swift */,
				DBCB99D02A2EA99E006FBACC /* Cart.swift */,
			);
			path = Model;
			sourceTree = "<group>";
		};
		DBAAD9CC2A1D0E0C00C19DBD /* CustomComponents */ = {
			isa = PBXGroup;
			children = (
				DBAAD9CF2A1D124300C19DBD /* LogInComponent.swift */,
				DBAAD9D12A1D126900C19DBD /* LogInComponent.xib */,
				DBDB10DE2A2A5B6A002C9E8A /* TableViewCell.swift */,
				DBC7D67B2A2E4FC100A064D5 /* TabBarWithCorners.swift */,
			);
			path = CustomComponents;
			sourceTree = "<group>";
		};
		DBD75E172A2F8E0A00A70E13 /* ViewControllers */ = {
			isa = PBXGroup;
			children = (
				DB97E5B82A264F640087F71C /* WineViewController.swift */,
				DBC4B4AD2A2616BC004AEBD3 /* BeerViewController.swift */,
				DB394F7E2A165D61008FF969 /* LoginViewController.swift */,
				DBD75E182A2FA14900A70E13 /* CartViewController.swift */,
			);
			path = ViewControllers;
			sourceTree = "<group>";
		};
/* End PBXGroup section */

/* Begin PBXNativeTarget section */
		DB394F762A165D61008FF969 /* DrinkShop */ = {
			isa = PBXNativeTarget;
			buildConfigurationList = DB394FA12A165D63008FF969 /* Build configuration list for PBXNativeTarget "DrinkShop" */;
			buildPhases = (
				D01FE7EA045EAE91A4358854 /* [CP] Check Pods Manifest.lock */,
				DB394F732A165D61008FF969 /* Sources */,
				DB394F742A165D61008FF969 /* Frameworks */,
				DB394F752A165D61008FF969 /* Resources */,
				79794D868AB75AAC9ADA7619 /* [CP] Embed Pods Frameworks */,
				0CF77965BE4B1284AF3B1F33 /* [CP] Copy Pods Resources */,
			);
			buildRules = (
			);
			dependencies = (
			);
			name = DrinkShop;
			productName = DrinkShop;
			productReference = DB394F772A165D61008FF969 /* DrinkShop.app */;
			productType = "com.apple.product-type.application";
		};
		DB394F8C2A165D63008FF969 /* DrinkShopTests */ = {
			isa = PBXNativeTarget;
			buildConfigurationList = DB394FA42A165D63008FF969 /* Build configuration list for PBXNativeTarget "DrinkShopTests" */;
			buildPhases = (
				29C4B5DFCC7A52F29DD6A405 /* [CP] Check Pods Manifest.lock */,
				DB394F892A165D63008FF969 /* Sources */,
				DB394F8A2A165D63008FF969 /* Frameworks */,
				DB394F8B2A165D63008FF969 /* Resources */,
			);
			buildRules = (
			);
			dependencies = (
				DB394F8F2A165D63008FF969 /* PBXTargetDependency */,
			);
			name = DrinkShopTests;
			productName = DrinkShopTests;
			productReference = DB394F8D2A165D63008FF969 /* DrinkShopTests.xctest */;
			productType = "com.apple.product-type.bundle.unit-test";
		};
		DB394F962A165D63008FF969 /* DrinkShopUITests */ = {
			isa = PBXNativeTarget;
			buildConfigurationList = DB394FA72A165D63008FF969 /* Build configuration list for PBXNativeTarget "DrinkShopUITests" */;
			buildPhases = (
				C59A3B32177767F24D990F26 /* [CP] Check Pods Manifest.lock */,
				DB394F932A165D63008FF969 /* Sources */,
				DB394F942A165D63008FF969 /* Frameworks */,
				DB394F952A165D63008FF969 /* Resources */,
				6FE7957B76C3212291285D01 /* [CP] Embed Pods Frameworks */,
				DF25CA36151A7A3A056B875B /* [CP] Copy Pods Resources */,
			);
			buildRules = (
			);
			dependencies = (
				DB394F992A165D63008FF969 /* PBXTargetDependency */,
			);
			name = DrinkShopUITests;
			productName = DrinkShopUITests;
			productReference = DB394F972A165D63008FF969 /* DrinkShopUITests.xctest */;
			productType = "com.apple.product-type.bundle.ui-testing";
		};
/* End PBXNativeTarget section */

/* Begin PBXProject section */
		DB394F6F2A165D61008FF969 /* Project object */ = {
			isa = PBXProject;
			attributes = {
				BuildIndependentTargetsInParallel = 1;
				LastSwiftUpdateCheck = 1420;
				LastUpgradeCheck = 1420;
				TargetAttributes = {
					DB394F762A165D61008FF969 = {
						CreatedOnToolsVersion = 14.2;
					};
					DB394F8C2A165D63008FF969 = {
						CreatedOnToolsVersion = 14.2;
						TestTargetID = DB394F762A165D61008FF969;
					};
					DB394F962A165D63008FF969 = {
						CreatedOnToolsVersion = 14.2;
						TestTargetID = DB394F762A165D61008FF969;
					};
				};
			};
			buildConfigurationList = DB394F722A165D61008FF969 /* Build configuration list for PBXProject "DrinkShop" */;
			compatibilityVersion = "Xcode 14.0";
			developmentRegion = en;
			hasScannedForEncodings = 0;
			knownRegions = (
				en,
				Base,
			);
			mainGroup = DB394F6E2A165D61008FF969;
			productRefGroup = DB394F782A165D61008FF969 /* Products */;
			projectDirPath = "";
			projectRoot = "";
			targets = (
				DB394F762A165D61008FF969 /* DrinkShop */,
				DB394F8C2A165D63008FF969 /* DrinkShopTests */,
				DB394F962A165D63008FF969 /* DrinkShopUITests */,
			);
		};
/* End PBXProject section */

/* Begin PBXResourcesBuildPhase section */
		DB394F752A165D61008FF969 /* Resources */ = {
			isa = PBXResourcesBuildPhase;
			buildActionMask = 2147483647;
			files = (
				DB394F872A165D62008FF969 /* LaunchScreen.storyboard in Resources */,
				DB394F842A165D62008FF969 /* Assets.xcassets in Resources */,
				DB394F822A165D61008FF969 /* Main.storyboard in Resources */,
				DBAAD9D22A1D126900C19DBD /* LogInComponent.xib in Resources */,
			);
			runOnlyForDeploymentPostprocessing = 0;
		};
		DB394F8B2A165D63008FF969 /* Resources */ = {
			isa = PBXResourcesBuildPhase;
			buildActionMask = 2147483647;
			files = (
			);
			runOnlyForDeploymentPostprocessing = 0;
		};
		DB394F952A165D63008FF969 /* Resources */ = {
			isa = PBXResourcesBuildPhase;
			buildActionMask = 2147483647;
			files = (
			);
			runOnlyForDeploymentPostprocessing = 0;
		};
/* End PBXResourcesBuildPhase section */

/* Begin PBXShellScriptBuildPhase section */
		0CF77965BE4B1284AF3B1F33 /* [CP] Copy Pods Resources */ = {
			isa = PBXShellScriptBuildPhase;
			buildActionMask = 2147483647;
			files = (
			);
			inputFileListPaths = (
				"${PODS_ROOT}/Target Support Files/Pods-DrinkShop/Pods-DrinkShop-resources-${CONFIGURATION}-input-files.xcfilelist",
			);
			name = "[CP] Copy Pods Resources";
			outputFileListPaths = (
				"${PODS_ROOT}/Target Support Files/Pods-DrinkShop/Pods-DrinkShop-resources-${CONFIGURATION}-output-files.xcfilelist",
			);
			runOnlyForDeploymentPostprocessing = 0;
			shellPath = /bin/sh;
			shellScript = "\"${PODS_ROOT}/Target Support Files/Pods-DrinkShop/Pods-DrinkShop-resources.sh\"\n";
			showEnvVarsInLog = 0;
		};
		29C4B5DFCC7A52F29DD6A405 /* [CP] Check Pods Manifest.lock */ = {
			isa = PBXShellScriptBuildPhase;
			buildActionMask = 2147483647;
			files = (
			);
			inputFileListPaths = (
			);
			inputPaths = (
				"${PODS_PODFILE_DIR_PATH}/Podfile.lock",
				"${PODS_ROOT}/Manifest.lock",
			);
			name = "[CP] Check Pods Manifest.lock";
			outputFileListPaths = (
			);
			outputPaths = (
				"$(DERIVED_FILE_DIR)/Pods-DrinkShopTests-checkManifestLockResult.txt",
			);
			runOnlyForDeploymentPostprocessing = 0;
			shellPath = /bin/sh;
			shellScript = "diff \"${PODS_PODFILE_DIR_PATH}/Podfile.lock\" \"${PODS_ROOT}/Manifest.lock\" > /dev/null\nif [ $? != 0 ] ; then\n    # print error to STDERR\n    echo \"error: The sandbox is not in sync with the Podfile.lock. Run 'pod install' or update your CocoaPods installation.\" >&2\n    exit 1\nfi\n# This output is used by Xcode 'outputs' to avoid re-running this script phase.\necho \"SUCCESS\" > \"${SCRIPT_OUTPUT_FILE_0}\"\n";
			showEnvVarsInLog = 0;
		};
		6FE7957B76C3212291285D01 /* [CP] Embed Pods Frameworks */ = {
			isa = PBXShellScriptBuildPhase;
			buildActionMask = 2147483647;
			files = (
			);
			inputFileListPaths = (
				"${PODS_ROOT}/Target Support Files/Pods-DrinkShop-DrinkShopUITests/Pods-DrinkShop-DrinkShopUITests-frameworks-${CONFIGURATION}-input-files.xcfilelist",
			);
			name = "[CP] Embed Pods Frameworks";
			outputFileListPaths = (
				"${PODS_ROOT}/Target Support Files/Pods-DrinkShop-DrinkShopUITests/Pods-DrinkShop-DrinkShopUITests-frameworks-${CONFIGURATION}-output-files.xcfilelist",
			);
			runOnlyForDeploymentPostprocessing = 0;
			shellPath = /bin/sh;
			shellScript = "\"${PODS_ROOT}/Target Support Files/Pods-DrinkShop-DrinkShopUITests/Pods-DrinkShop-DrinkShopUITests-frameworks.sh\"\n";
			showEnvVarsInLog = 0;
		};
		79794D868AB75AAC9ADA7619 /* [CP] Embed Pods Frameworks */ = {
			isa = PBXShellScriptBuildPhase;
			buildActionMask = 2147483647;
			files = (
			);
			inputFileListPaths = (
				"${PODS_ROOT}/Target Support Files/Pods-DrinkShop/Pods-DrinkShop-frameworks-${CONFIGURATION}-input-files.xcfilelist",
			);
			name = "[CP] Embed Pods Frameworks";
			outputFileListPaths = (
				"${PODS_ROOT}/Target Support Files/Pods-DrinkShop/Pods-DrinkShop-frameworks-${CONFIGURATION}-output-files.xcfilelist",
			);
			runOnlyForDeploymentPostprocessing = 0;
			shellPath = /bin/sh;
			shellScript = "\"${PODS_ROOT}/Target Support Files/Pods-DrinkShop/Pods-DrinkShop-frameworks.sh\"\n";
			showEnvVarsInLog = 0;
		};
		C59A3B32177767F24D990F26 /* [CP] Check Pods Manifest.lock */ = {
			isa = PBXShellScriptBuildPhase;
			buildActionMask = 2147483647;
			files = (
			);
			inputFileListPaths = (
			);
			inputPaths = (
				"${PODS_PODFILE_DIR_PATH}/Podfile.lock",
				"${PODS_ROOT}/Manifest.lock",
			);
			name = "[CP] Check Pods Manifest.lock";
			outputFileListPaths = (
			);
			outputPaths = (
				"$(DERIVED_FILE_DIR)/Pods-DrinkShop-DrinkShopUITests-checkManifestLockResult.txt",
			);
			runOnlyForDeploymentPostprocessing = 0;
			shellPath = /bin/sh;
			shellScript = "diff \"${PODS_PODFILE_DIR_PATH}/Podfile.lock\" \"${PODS_ROOT}/Manifest.lock\" > /dev/null\nif [ $? != 0 ] ; then\n    # print error to STDERR\n    echo \"error: The sandbox is not in sync with the Podfile.lock. Run 'pod install' or update your CocoaPods installation.\" >&2\n    exit 1\nfi\n# This output is used by Xcode 'outputs' to avoid re-running this script phase.\necho \"SUCCESS\" > \"${SCRIPT_OUTPUT_FILE_0}\"\n";
			showEnvVarsInLog = 0;
		};
		D01FE7EA045EAE91A4358854 /* [CP] Check Pods Manifest.lock */ = {
			isa = PBXShellScriptBuildPhase;
			buildActionMask = 2147483647;
			files = (
			);
			inputFileListPaths = (
			);
			inputPaths = (
				"${PODS_PODFILE_DIR_PATH}/Podfile.lock",
				"${PODS_ROOT}/Manifest.lock",
			);
			name = "[CP] Check Pods Manifest.lock";
			outputFileListPaths = (
			);
			outputPaths = (
				"$(DERIVED_FILE_DIR)/Pods-DrinkShop-checkManifestLockResult.txt",
			);
			runOnlyForDeploymentPostprocessing = 0;
			shellPath = /bin/sh;
			shellScript = "diff \"${PODS_PODFILE_DIR_PATH}/Podfile.lock\" \"${PODS_ROOT}/Manifest.lock\" > /dev/null\nif [ $? != 0 ] ; then\n    # print error to STDERR\n    echo \"error: The sandbox is not in sync with the Podfile.lock. Run 'pod install' or update your CocoaPods installation.\" >&2\n    exit 1\nfi\n# This output is used by Xcode 'outputs' to avoid re-running this script phase.\necho \"SUCCESS\" > \"${SCRIPT_OUTPUT_FILE_0}\"\n";
			showEnvVarsInLog = 0;
		};
		DF25CA36151A7A3A056B875B /* [CP] Copy Pods Resources */ = {
			isa = PBXShellScriptBuildPhase;
			buildActionMask = 2147483647;
			files = (
			);
			inputFileListPaths = (
				"${PODS_ROOT}/Target Support Files/Pods-DrinkShop-DrinkShopUITests/Pods-DrinkShop-DrinkShopUITests-resources-${CONFIGURATION}-input-files.xcfilelist",
			);
			name = "[CP] Copy Pods Resources";
			outputFileListPaths = (
				"${PODS_ROOT}/Target Support Files/Pods-DrinkShop-DrinkShopUITests/Pods-DrinkShop-DrinkShopUITests-resources-${CONFIGURATION}-output-files.xcfilelist",
			);
			runOnlyForDeploymentPostprocessing = 0;
			shellPath = /bin/sh;
			shellScript = "\"${PODS_ROOT}/Target Support Files/Pods-DrinkShop-DrinkShopUITests/Pods-DrinkShop-DrinkShopUITests-resources.sh\"\n";
			showEnvVarsInLog = 0;
		};
/* End PBXShellScriptBuildPhase section */

/* Begin PBXSourcesBuildPhase section */
		DB394F732A165D61008FF969 /* Sources */ = {
			isa = PBXSourcesBuildPhase;
			buildActionMask = 2147483647;
			files = (
				DB394F7F2A165D61008FF969 /* LoginViewController.swift in Sources */,
				DBDB10DF2A2A5B6A002C9E8A /* TableViewCell.swift in Sources */,
				DBD75E162A2F546400A70E13 /* TabbarController.swift in Sources */,
				DB394F7B2A165D61008FF969 /* AppDelegate.swift in Sources */,
				DBD75E192A2FA14900A70E13 /* CartViewController.swift in Sources */,
				DBC4B4AE2A2616BC004AEBD3 /* BeerViewController.swift in Sources */,
				DB97E5B92A264F640087F71C /* WineViewController.swift in Sources */,
				DB394F7D2A165D61008FF969 /* SceneDelegate.swift in Sources */,
				DBC7D67C2A2E4FC100A064D5 /* TabBarWithCorners.swift in Sources */,
				DBCB99D12A2EA99E006FBACC /* Cart.swift in Sources */,
				DB66DC342A28E5D50042F6F7 /* Beer.swift in Sources */,
				DBAAD9D02A1D124300C19DBD /* LogInComponent.swift in Sources */,
			);
			runOnlyForDeploymentPostprocessing = 0;
		};
		DB394F892A165D63008FF969 /* Sources */ = {
			isa = PBXSourcesBuildPhase;
			buildActionMask = 2147483647;
			files = (
				DB394F922A165D63008FF969 /* DrinkShopTests.swift in Sources */,
			);
			runOnlyForDeploymentPostprocessing = 0;
		};
		DB394F932A165D63008FF969 /* Sources */ = {
			isa = PBXSourcesBuildPhase;
			buildActionMask = 2147483647;
			files = (
				DB394F9C2A165D63008FF969 /* DrinkShopUITests.swift in Sources */,
				DB394F9E2A165D63008FF969 /* DrinkShopUITestsLaunchTests.swift in Sources */,
			);
			runOnlyForDeploymentPostprocessing = 0;
		};
/* End PBXSourcesBuildPhase section */

/* Begin PBXTargetDependency section */
		DB394F8F2A165D63008FF969 /* PBXTargetDependency */ = {
			isa = PBXTargetDependency;
			target = DB394F762A165D61008FF969 /* DrinkShop */;
			targetProxy = DB394F8E2A165D63008FF969 /* PBXContainerItemProxy */;
		};
		DB394F992A165D63008FF969 /* PBXTargetDependency */ = {
			isa = PBXTargetDependency;
			target = DB394F762A165D61008FF969 /* DrinkShop */;
			targetProxy = DB394F982A165D63008FF969 /* PBXContainerItemProxy */;
		};
/* End PBXTargetDependency section */

/* Begin PBXVariantGroup section */
		DB394F802A165D61008FF969 /* Main.storyboard */ = {
			isa = PBXVariantGroup;
			children = (
				DB394F812A165D61008FF969 /* Base */,
			);
			name = Main.storyboard;
			sourceTree = "<group>";
		};
		DB394F852A165D62008FF969 /* LaunchScreen.storyboard */ = {
			isa = PBXVariantGroup;
			children = (
				DB394F862A165D62008FF969 /* Base */,
			);
			name = LaunchScreen.storyboard;
			sourceTree = "<group>";
		};
/* End PBXVariantGroup section */

/* Begin XCBuildConfiguration section */
		DB394F9F2A165D63008FF969 /* Debug */ = {
			isa = XCBuildConfiguration;
			buildSettings = {
				ALWAYS_SEARCH_USER_PATHS = NO;
				CLANG_ANALYZER_NONNULL = YES;
				CLANG_ANALYZER_NUMBER_OBJECT_CONVERSION = YES_AGGRESSIVE;
				CLANG_CXX_LANGUAGE_STANDARD = "gnu++20";
				CLANG_ENABLE_MODULES = YES;
				CLANG_ENABLE_OBJC_ARC = YES;
				CLANG_ENABLE_OBJC_WEAK = YES;
				CLANG_WARN_BLOCK_CAPTURE_AUTORELEASING = YES;
				CLANG_WARN_BOOL_CONVERSION = YES;
				CLANG_WARN_COMMA = YES;
				CLANG_WARN_CONSTANT_CONVERSION = YES;
				CLANG_WARN_DEPRECATED_OBJC_IMPLEMENTATIONS = YES;
				CLANG_WARN_DIRECT_OBJC_ISA_USAGE = YES_ERROR;
				CLANG_WARN_DOCUMENTATION_COMMENTS = YES;
				CLANG_WARN_EMPTY_BODY = YES;
				CLANG_WARN_ENUM_CONVERSION = YES;
				CLANG_WARN_INFINITE_RECURSION = YES;
				CLANG_WARN_INT_CONVERSION = YES;
				CLANG_WARN_NON_LITERAL_NULL_CONVERSION = YES;
				CLANG_WARN_OBJC_IMPLICIT_RETAIN_SELF = YES;
				CLANG_WARN_OBJC_LITERAL_CONVERSION = YES;
				CLANG_WARN_OBJC_ROOT_CLASS = YES_ERROR;
				CLANG_WARN_QUOTED_INCLUDE_IN_FRAMEWORK_HEADER = YES;
				CLANG_WARN_RANGE_LOOP_ANALYSIS = YES;
				CLANG_WARN_STRICT_PROTOTYPES = YES;
				CLANG_WARN_SUSPICIOUS_MOVE = YES;
				CLANG_WARN_UNGUARDED_AVAILABILITY = YES_AGGRESSIVE;
				CLANG_WARN_UNREACHABLE_CODE = YES;
				CLANG_WARN__DUPLICATE_METHOD_MATCH = YES;
				COPY_PHASE_STRIP = NO;
				DEBUG_INFORMATION_FORMAT = dwarf;
				ENABLE_STRICT_OBJC_MSGSEND = YES;
				ENABLE_TESTABILITY = YES;
				GCC_C_LANGUAGE_STANDARD = gnu11;
				GCC_DYNAMIC_NO_PIC = NO;
				GCC_NO_COMMON_BLOCKS = YES;
				GCC_OPTIMIZATION_LEVEL = 0;
				GCC_PREPROCESSOR_DEFINITIONS = (
					"DEBUG=1",
					"$(inherited)",
				);
				GCC_WARN_64_TO_32_BIT_CONVERSION = YES;
				GCC_WARN_ABOUT_RETURN_TYPE = YES_ERROR;
				GCC_WARN_UNDECLARED_SELECTOR = YES;
				GCC_WARN_UNINITIALIZED_AUTOS = YES_AGGRESSIVE;
				GCC_WARN_UNUSED_FUNCTION = YES;
				GCC_WARN_UNUSED_VARIABLE = YES;
				IPHONEOS_DEPLOYMENT_TARGET = 16.2;
				MTL_ENABLE_DEBUG_INFO = INCLUDE_SOURCE;
				MTL_FAST_MATH = YES;
				ONLY_ACTIVE_ARCH = YES;
				SDKROOT = iphoneos;
				SWIFT_ACTIVE_COMPILATION_CONDITIONS = DEBUG;
				SWIFT_OPTIMIZATION_LEVEL = "-Onone";
			};
			name = Debug;
		};
		DB394FA02A165D63008FF969 /* Release */ = {
			isa = XCBuildConfiguration;
			buildSettings = {
				ALWAYS_SEARCH_USER_PATHS = NO;
				CLANG_ANALYZER_NONNULL = YES;
				CLANG_ANALYZER_NUMBER_OBJECT_CONVERSION = YES_AGGRESSIVE;
				CLANG_CXX_LANGUAGE_STANDARD = "gnu++20";
				CLANG_ENABLE_MODULES = YES;
				CLANG_ENABLE_OBJC_ARC = YES;
				CLANG_ENABLE_OBJC_WEAK = YES;
				CLANG_WARN_BLOCK_CAPTURE_AUTORELEASING = YES;
				CLANG_WARN_BOOL_CONVERSION = YES;
				CLANG_WARN_COMMA = YES;
				CLANG_WARN_CONSTANT_CONVERSION = YES;
				CLANG_WARN_DEPRECATED_OBJC_IMPLEMENTATIONS = YES;
				CLANG_WARN_DIRECT_OBJC_ISA_USAGE = YES_ERROR;
				CLANG_WARN_DOCUMENTATION_COMMENTS = YES;
				CLANG_WARN_EMPTY_BODY = YES;
				CLANG_WARN_ENUM_CONVERSION = YES;
				CLANG_WARN_INFINITE_RECURSION = YES;
				CLANG_WARN_INT_CONVERSION = YES;
				CLANG_WARN_NON_LITERAL_NULL_CONVERSION = YES;
				CLANG_WARN_OBJC_IMPLICIT_RETAIN_SELF = YES;
				CLANG_WARN_OBJC_LITERAL_CONVERSION = YES;
				CLANG_WARN_OBJC_ROOT_CLASS = YES_ERROR;
				CLANG_WARN_QUOTED_INCLUDE_IN_FRAMEWORK_HEADER = YES;
				CLANG_WARN_RANGE_LOOP_ANALYSIS = YES;
				CLANG_WARN_STRICT_PROTOTYPES = YES;
				CLANG_WARN_SUSPICIOUS_MOVE = YES;
				CLANG_WARN_UNGUARDED_AVAILABILITY = YES_AGGRESSIVE;
				CLANG_WARN_UNREACHABLE_CODE = YES;
				CLANG_WARN__DUPLICATE_METHOD_MATCH = YES;
				COPY_PHASE_STRIP = NO;
				DEBUG_INFORMATION_FORMAT = "dwarf-with-dsym";
				ENABLE_NS_ASSERTIONS = NO;
				ENABLE_STRICT_OBJC_MSGSEND = YES;
				GCC_C_LANGUAGE_STANDARD = gnu11;
				GCC_NO_COMMON_BLOCKS = YES;
				GCC_WARN_64_TO_32_BIT_CONVERSION = YES;
				GCC_WARN_ABOUT_RETURN_TYPE = YES_ERROR;
				GCC_WARN_UNDECLARED_SELECTOR = YES;
				GCC_WARN_UNINITIALIZED_AUTOS = YES_AGGRESSIVE;
				GCC_WARN_UNUSED_FUNCTION = YES;
				GCC_WARN_UNUSED_VARIABLE = YES;
				IPHONEOS_DEPLOYMENT_TARGET = 16.2;
				MTL_ENABLE_DEBUG_INFO = NO;
				MTL_FAST_MATH = YES;
				SDKROOT = iphoneos;
				SWIFT_COMPILATION_MODE = wholemodule;
				SWIFT_OPTIMIZATION_LEVEL = "-O";
				VALIDATE_PRODUCT = YES;
			};
			name = Release;
		};
		DB394FA22A165D63008FF969 /* Debug */ = {
			isa = XCBuildConfiguration;
			baseConfigurationReference = 8C5E68DF216980F0D117C673 /* Pods-DrinkShop.debug.xcconfig */;
			buildSettings = {
				ASSETCATALOG_COMPILER_APPICON_NAME = AppIcon;
				ASSETCATALOG_COMPILER_GLOBAL_ACCENT_COLOR_NAME = AccentColor;
				CODE_SIGN_STYLE = Automatic;
				CURRENT_PROJECT_VERSION = 1;
				GCC_NO_COMMON_BLOCKS = YES;
				GENERATE_INFOPLIST_FILE = YES;
				INFOPLIST_FILE = DrinkShop/Info.plist;
				INFOPLIST_KEY_UIApplicationSupportsIndirectInputEvents = YES;
				INFOPLIST_KEY_UILaunchStoryboardName = LaunchScreen;
				INFOPLIST_KEY_UIMainStoryboardFile = Main;
				INFOPLIST_KEY_UISupportedInterfaceOrientations_iPad = "UIInterfaceOrientationPortrait UIInterfaceOrientationPortraitUpsideDown UIInterfaceOrientationLandscapeLeft UIInterfaceOrientationLandscapeRight";
				INFOPLIST_KEY_UISupportedInterfaceOrientations_iPhone = "UIInterfaceOrientationPortrait UIInterfaceOrientationLandscapeLeft UIInterfaceOrientationLandscapeRight";
				LD_RUNPATH_SEARCH_PATHS = (
					"$(inherited)",
					"@executable_path/Frameworks",
				);
				MARKETING_VERSION = 1.0;
				OTHER_LDFLAGS = (
					"$(inherited)",
					"-l\"z\"",
					"-framework",
					"\"FBAEMKit\"",
					"-framework",
					"\"FBSDKCoreKit\"",
					"-framework",
					"\"FBSDKCoreKit_Basics\"",
					"-framework",
					"\"FBSDKLoginKit\"",
				);
				PRODUCT_BUNDLE_IDENTIFIER = ITSector.DrinkShop;
				PRODUCT_NAME = "$(TARGET_NAME)";
				SWIFT_EMIT_LOC_STRINGS = YES;
				SWIFT_VERSION = 5.0;
				TARGETED_DEVICE_FAMILY = "1,2";
			};
			name = Debug;
		};
		DB394FA32A165D63008FF969 /* Release */ = {
			isa = XCBuildConfiguration;
			baseConfigurationReference = 96CE01B8E6699F2ADDB607B5 /* Pods-DrinkShop.release.xcconfig */;
			buildSettings = {
				ASSETCATALOG_COMPILER_APPICON_NAME = AppIcon;
				ASSETCATALOG_COMPILER_GLOBAL_ACCENT_COLOR_NAME = AccentColor;
				CODE_SIGN_STYLE = Automatic;
				CURRENT_PROJECT_VERSION = 1;
				GCC_NO_COMMON_BLOCKS = YES;
				GENERATE_INFOPLIST_FILE = YES;
				INFOPLIST_FILE = DrinkShop/Info.plist;
				INFOPLIST_KEY_UIApplicationSupportsIndirectInputEvents = YES;
				INFOPLIST_KEY_UILaunchStoryboardName = LaunchScreen;
				INFOPLIST_KEY_UIMainStoryboardFile = Main;
				INFOPLIST_KEY_UISupportedInterfaceOrientations_iPad = "UIInterfaceOrientationPortrait UIInterfaceOrientationPortraitUpsideDown UIInterfaceOrientationLandscapeLeft UIInterfaceOrientationLandscapeRight";
				INFOPLIST_KEY_UISupportedInterfaceOrientations_iPhone = "UIInterfaceOrientationPortrait UIInterfaceOrientationLandscapeLeft UIInterfaceOrientationLandscapeRight";
				LD_RUNPATH_SEARCH_PATHS = (
					"$(inherited)",
					"@executable_path/Frameworks",
				);
				MARKETING_VERSION = 1.0;
				OTHER_LDFLAGS = (
					"$(inherited)",
					"-l\"z\"",
					"-framework",
					"\"FBAEMKit\"",
					"-framework",
					"\"FBSDKCoreKit\"",
					"-framework",
					"\"FBSDKCoreKit_Basics\"",
					"-framework",
					"\"FBSDKLoginKit\"",
				);
				PRODUCT_BUNDLE_IDENTIFIER = ITSector.DrinkShop;
				PRODUCT_NAME = "$(TARGET_NAME)";
				SWIFT_EMIT_LOC_STRINGS = YES;
				SWIFT_VERSION = 5.0;
				TARGETED_DEVICE_FAMILY = "1,2";
			};
			name = Release;
		};
		DB394FA52A165D63008FF969 /* Debug */ = {
			isa = XCBuildConfiguration;
			baseConfigurationReference = C697C8E4A2DBBA5EC5441D4A /* Pods-DrinkShopTests.debug.xcconfig */;
			buildSettings = {
				ALWAYS_EMBED_SWIFT_STANDARD_LIBRARIES = YES;
				BUNDLE_LOADER = "$(TEST_HOST)";
				CODE_SIGN_STYLE = Automatic;
				CURRENT_PROJECT_VERSION = 1;
				GENERATE_INFOPLIST_FILE = YES;
				IPHONEOS_DEPLOYMENT_TARGET = 16.2;
				MARKETING_VERSION = 1.0;
				PRODUCT_BUNDLE_IDENTIFIER = ITSector.DrinkShopTests;
				PRODUCT_NAME = "$(TARGET_NAME)";
				SWIFT_EMIT_LOC_STRINGS = NO;
				SWIFT_VERSION = 5.0;
				TARGETED_DEVICE_FAMILY = "1,2";
				TEST_HOST = "$(BUILT_PRODUCTS_DIR)/DrinkShop.app/$(BUNDLE_EXECUTABLE_FOLDER_PATH)/DrinkShop";
			};
			name = Debug;
		};
		DB394FA62A165D63008FF969 /* Release */ = {
			isa = XCBuildConfiguration;
			baseConfigurationReference = DBF082F22219C191D033EE5E /* Pods-DrinkShopTests.release.xcconfig */;
			buildSettings = {
				ALWAYS_EMBED_SWIFT_STANDARD_LIBRARIES = YES;
				BUNDLE_LOADER = "$(TEST_HOST)";
				CODE_SIGN_STYLE = Automatic;
				CURRENT_PROJECT_VERSION = 1;
				GENERATE_INFOPLIST_FILE = YES;
				IPHONEOS_DEPLOYMENT_TARGET = 16.2;
				MARKETING_VERSION = 1.0;
				PRODUCT_BUNDLE_IDENTIFIER = ITSector.DrinkShopTests;
				PRODUCT_NAME = "$(TARGET_NAME)";
				SWIFT_EMIT_LOC_STRINGS = NO;
				SWIFT_VERSION = 5.0;
				TARGETED_DEVICE_FAMILY = "1,2";
				TEST_HOST = "$(BUILT_PRODUCTS_DIR)/DrinkShop.app/$(BUNDLE_EXECUTABLE_FOLDER_PATH)/DrinkShop";
			};
			name = Release;
		};
		DB394FA82A165D63008FF969 /* Debug */ = {
			isa = XCBuildConfiguration;
			baseConfigurationReference = 91558BCAFD4616357CB256A9 /* Pods-DrinkShop-DrinkShopUITests.debug.xcconfig */;
			buildSettings = {
				ALWAYS_EMBED_SWIFT_STANDARD_LIBRARIES = YES;
				CODE_SIGN_STYLE = Automatic;
				CURRENT_PROJECT_VERSION = 1;
				GENERATE_INFOPLIST_FILE = YES;
				MARKETING_VERSION = 1.0;
				PRODUCT_BUNDLE_IDENTIFIER = ITSector.DrinkShopUITests;
				PRODUCT_NAME = "$(TARGET_NAME)";
				SWIFT_EMIT_LOC_STRINGS = NO;
				SWIFT_VERSION = 5.0;
				TARGETED_DEVICE_FAMILY = "1,2";
				TEST_TARGET_NAME = DrinkShop;
			};
			name = Debug;
		};
		DB394FA92A165D63008FF969 /* Release */ = {
			isa = XCBuildConfiguration;
			baseConfigurationReference = 2E01CC694267FB43D11C1945 /* Pods-DrinkShop-DrinkShopUITests.release.xcconfig */;
			buildSettings = {
				ALWAYS_EMBED_SWIFT_STANDARD_LIBRARIES = YES;
				CODE_SIGN_STYLE = Automatic;
				CURRENT_PROJECT_VERSION = 1;
				GENERATE_INFOPLIST_FILE = YES;
				MARKETING_VERSION = 1.0;
				PRODUCT_BUNDLE_IDENTIFIER = ITSector.DrinkShopUITests;
				PRODUCT_NAME = "$(TARGET_NAME)";
				SWIFT_EMIT_LOC_STRINGS = NO;
				SWIFT_VERSION = 5.0;
				TARGETED_DEVICE_FAMILY = "1,2";
				TEST_TARGET_NAME = DrinkShop;
			};
			name = Release;
		};
/* End XCBuildConfiguration section */

/* Begin XCConfigurationList section */
		DB394F722A165D61008FF969 /* Build configuration list for PBXProject "DrinkShop" */ = {
			isa = XCConfigurationList;
			buildConfigurations = (
				DB394F9F2A165D63008FF969 /* Debug */,
				DB394FA02A165D63008FF969 /* Release */,
			);
			defaultConfigurationIsVisible = 0;
			defaultConfigurationName = Release;
		};
		DB394FA12A165D63008FF969 /* Build configuration list for PBXNativeTarget "DrinkShop" */ = {
			isa = XCConfigurationList;
			buildConfigurations = (
				DB394FA22A165D63008FF969 /* Debug */,
				DB394FA32A165D63008FF969 /* Release */,
			);
			defaultConfigurationIsVisible = 0;
			defaultConfigurationName = Release;
		};
		DB394FA42A165D63008FF969 /* Build configuration list for PBXNativeTarget "DrinkShopTests" */ = {
			isa = XCConfigurationList;
			buildConfigurations = (
				DB394FA52A165D63008FF969 /* Debug */,
				DB394FA62A165D63008FF969 /* Release */,
			);
			defaultConfigurationIsVisible = 0;
			defaultConfigurationName = Release;
		};
		DB394FA72A165D63008FF969 /* Build configuration list for PBXNativeTarget "DrinkShopUITests" */ = {
			isa = XCConfigurationList;
			buildConfigurations = (
				DB394FA82A165D63008FF969 /* Debug */,
				DB394FA92A165D63008FF969 /* Release */,
			);
			defaultConfigurationIsVisible = 0;
			defaultConfigurationName = Release;
		};
/* End XCConfigurationList section */
	};
	rootObject = DB394F6F2A165D61008FF969 /* Project object */;
}
